
Microsoft Visual Studio Solution File, Format Version 12.00
# Visual Studio Version 18
VisualStudioVersion = 18.3.11527.330 d18.3
MinimumVisualStudioVersion = 10.0.40219.1
Project("{FAE04EC0-301F-11D3-BF4B-00C04F79EFBC}") = "Screen Checker", "WPF LCD Test\Screen Checker.csproj", "{2D380470-85BF-7B8D-C499-16522543CD79}"
EndProject
Project("{FAE04EC0-301F-11D3-BF4B-00C04F79EFBC}") = "Screen Checker.UnitTests", "WPF_LCD_Test.UnitTests\Screen Checker.UnitTests.csproj", "{162A4888-B5C8-8A4E-6542-0C41B5906B84}"
EndProject
Global
	GlobalSection(SolutionConfigurationPlatforms) = preSolution
		Debug|Any CPU = Debug|Any CPU
		Release|Any CPU = Release|Any CPU
	EndGlobalSection
	GlobalSection(ProjectConfigurationPlatforms) = postSolution
		{2D380470-85BF-7B8D-C499-16522543CD79}.Debug|Any CPU.ActiveCfg = Debug|Any CPU
		{2D380470-85BF-7B8D-C499-16522543CD79}.Debug|Any CPU.Build.0 = Debug|Any CPU
		{2D380470-85BF-7B8D-C499-16522543CD79}.Release|Any CPU.ActiveCfg = Release|Any CPU
		{2D380470-85BF-7B8D-C499-16522543CD79}.Release|Any CPU.Build.0 = Release|Any CPU
		{162A4888-B5C8-8A4E-6542-0C41B5906B84}.Debug|Any CPU.ActiveCfg = Debug|Any CPU
		{162A4888-B5C8-8A4E-6542-0C41B5906B84}.Debug|Any CPU.Build.0 = Debug|Any CPU
		{162A4888-B5C8-8A4E-6542-0C41B5906B84}.Release|Any CPU.ActiveCfg = Release|Any CPU
		{162A4888-B5C8-8A4E-6542-0C41B5906B84}.Release|Any CPU.Build.0 = Release|Any CPU
	EndGlobalSection
	GlobalSection(SolutionProperties) = preSolution
		HideSolutionNode = FALSE
	EndGlobalSection
	GlobalSection(ExtensibilityGlobals) = postSolution
		SolutionGuid = {425FB97C-7711-449F-B5FA-913076254924}
	EndGlobalSection
EndGlobal
